
Microsoft Visual Studio Solution File, Format Version 12.00
# Visual Studio Version 17
VisualStudioVersion = 17.14.36603.0
MinimumVisualStudioVersion = 10.0.40219.1
Project("{FAE04EC0-301F-11D3-BF4B-00C04F79EFBC}") = "IntervalEventRegistration", "IntervalEventRegistration.csproj", "{9F6D80F6-E9A5-4901-B5DC-E9A603F1B422}"
EndProject
Project("{FAE04EC0-301F-11D3-BF4B-00C04F79EFBC}") = "IntervalEventRegistrationRepo", "..\IntervalEventRegistrationRepo\IntervalEventRegistrationRepo.csproj", "{F2E1845F-456E-4A1A-96AE-710B8BAB4124}"
EndProject
Project("{FAE04EC0-301F-11D3-BF4B-00C04F79EFBC}") = "IntervalEventRegistrationService", "..\IntervalEventRegistrationService\IntervalEventRegistrationService.csproj", "{BA9D3E30-3380-429A-8CFA-A5F04068F93C}"
EndProject
Global
	GlobalSection(SolutionConfigurationPlatforms) = preSolution
		Debug|Any CPU = Debug|Any CPU
		Release|Any CPU = Release|Any CPU
	EndGlobalSection
	GlobalSection(ProjectConfigurationPlatforms) = postSolution
		{9F6D80F6-E9A5-4901-B5DC-E9A603F1B422}.Debug|Any CPU.ActiveCfg = Debug|Any CPU
		{9F6D80F6-E9A5-4901-B5DC-E9A603F1B422}.Debug|Any CPU.Build.0 = Debug|Any CPU
		{9F6D80F6-E9A5-4901-B5DC-E9A603F1B422}.Release|Any CPU.ActiveCfg = Release|Any CPU
		{9F6D80F6-E9A5-4901-B5DC-E9A603F1B422}.Release|Any CPU.Build.0 = Release|Any CPU
		{F2E1845F-456E-4A1A-96AE-710B8BAB4124}.Debug|Any CPU.ActiveCfg = Debug|Any CPU
		{F2E1845F-456E-4A1A-96AE-710B8BAB4124}.Debug|Any CPU.Build.0 = Debug|Any CPU
		{F2E1845F-456E-4A1A-96AE-710B8BAB4124}.Release|Any CPU.ActiveCfg = Release|Any CPU
		{F2E1845F-456E-4A1A-96AE-710B8BAB4124}.Release|Any CPU.Build.0 = Release|Any CPU
		{BA9D3E30-3380-429A-8CFA-A5F04068F93C}.Debug|Any CPU.ActiveCfg = Debug|Any CPU
		{BA9D3E30-3380-429A-8CFA-A5F04068F93C}.Debug|Any CPU.Build.0 = Debug|Any CPU
		{BA9D3E30-3380-429A-8CFA-A5F04068F93C}.Release|Any CPU.ActiveCfg = Release|Any CPU
		{BA9D3E30-3380-429A-8CFA-A5F04068F93C}.Release|Any CPU.Build.0 = Release|Any CPU
	EndGlobalSection
	GlobalSection(SolutionProperties) = preSolution
		HideSolutionNode = FALSE
	EndGlobalSection
	GlobalSection(ExtensibilityGlobals) = postSolution
		SolutionGuid = {38DEE424-C82D-4262-8B90-C3E0F20D9B37}
	EndGlobalSection
EndGlobal
